PODS:
  - TeleTools (0.1.0)
  - TinyConstraints (3.3.1)

DEPENDENCIES:
  - TeleTools (from `../`)
  - TinyConstraints

SPEC REPOS:
  https://github.com/cocoapods/specs.git:
    - TinyConstraints

EXTERNAL SOURCES:
  TeleTools:
    :path: "../"

SPEC CHECKSUMS:
  TeleTools: b98530145ebcd5750a5b03e3bb727282c178259a
  TinyConstraints: dbf7519aefc01ea59d62244300c7718aec68e280

PODFILE CHECKSUM: a3b7acbe129723b9d0cb7782e9e2dec68ed50f62

COCOAPODS: 1.6.0
