PODS:
  - TeleTools (0.1.1)
  - TinyConstraints (4.0.0)

DEPENDENCIES:
  - TeleTools (from `../`)
  - TinyConstraints

SPEC REPOS:
  https://github.com/cocoapods/specs.git:
    - TinyConstraints

EXTERNAL SOURCES:
  TeleTools:
    :path: "../"

SPEC CHECKSUMS:
  TeleTools: 20179e5aad9a0b09634ee5148a03eadde843305f
  TinyConstraints: 03bc091844b98c18dbaead8b1153242a42721b56

PODFILE CHECKSUM: a3b7acbe129723b9d0cb7782e9e2dec68ed50f62

COCOAPODS: 1.6.1
