PODS:
  - TeleTools (0.1.0)
  - TinyConstraints (3.3.1)

DEPENDENCIES:
  - TeleTools (from `../`)
  - TinyConstraints

SPEC REPOS:
  https://github.com/cocoapods/specs.git:
    - TinyConstraints

EXTERNAL SOURCES:
  TeleTools:
    :path: "../"

SPEC CHECKSUMS:
  TeleTools: 6c211c59681914a30ad791edae7d8a0b40e2ae64
  TinyConstraints: dbf7519aefc01ea59d62244300c7718aec68e280

PODFILE CHECKSUM: a3b7acbe129723b9d0cb7782e9e2dec68ed50f62

COCOAPODS: 1.5.3
