PODS:
  - TeleTools (0.1.2):
    - TinyConstraints (= 4.0.1)
  - TinyConstraints (4.0.1)

DEPENDENCIES:
  - TeleTools (from `../`)

SPEC REPOS:
  trunk:
    - TinyConstraints

EXTERNAL SOURCES:
  TeleTools:
    :path: "../"

SPEC CHECKSUMS:
  TeleTools: e1f5eec17c24b0324b8e41c97cd94606fcc5f17f
  TinyConstraints: 8dd91295e56797648c7bc335dd20e1d91ec4c192

PODFILE CHECKSUM: 5b012d5d08c9c1b7e8c656f3ab3784b4a783c3b0

COCOAPODS: 1.10.0.rc.1
